
Microsoft Visual Studio Solution File, Format Version 12.00
# Visual Studio 15
Project("{FAE04EC0-301F-11D3-BF4B-00C04F79EFBC}") = "HelloWorld", "HelloWorld\HelloWorld.csproj", "{F27B555F-2B4F-47AA-BD2A-179D1688E962}"
EndProject
Global
	GlobalSection(SolutionConfigurationPlatforms) = preSolution
		Debug|Any CPU = Debug|Any CPU
		Release|Any CPU = Release|Any CPU
	EndGlobalSection
	GlobalSection(ProjectConfigurationPlatforms) = postSolution
		{F27B555F-2B4F-47AA-BD2A-179D1688E962}.Debug|Any CPU.ActiveCfg = Debug|Any CPU
		{F27B555F-2B4F-47AA-BD2A-179D1688E962}.Debug|Any CPU.Build.0 = Debug|Any CPU
		{F27B555F-2B4F-47AA-BD2A-179D1688E962}.Release|Any CPU.ActiveCfg = Release|Any CPU
		{F27B555F-2B4F-47AA-BD2A-179D1688E962}.Release|Any CPU.Build.0 = Release|Any CPU
	EndGlobalSection
EndGlobal
